
Microsoft Visual Studio Solution File, Format Version 12.00
# Visual Studio 15
Project("{FAE04EC0-301F-11D3-BF4B-00C04F79EFBC}") = "Assembly-CSharp", "Assembly-CSharp.csproj", "{6E258E50-E121-8129-5652-787AE89BB5D5}"
EndProject
Project("{FAE04EC0-301F-11D3-BF4B-00C04F79EFBC}") = "Assembly-CSharp-firstpass", "Assembly-CSharp-firstpass.csproj", "{020427B5-6C34-AF4E-E8FB-16CB42F4A03A}"
EndProject
Project("{FAE04EC0-301F-11D3-BF4B-00C04F79EFBC}") = "Assembly-CSharp-Editor", "Assembly-CSharp-Editor.csproj", "{C2A9F080-0445-7C11-C20A-DF39D71CFED5}"
EndProject
Project("{FAE04EC0-301F-11D3-BF4B-00C04F79EFBC}") = "Assembly-CSharp-Editor-firstpass", "Assembly-CSharp-Editor-firstpass.csproj", "{51F0D4F9-8AC7-326F-DF25-E5FC53C1FC80}"
EndProject
Global
	GlobalSection(SolutionConfigurationPlatforms) = preSolution
		Debug|Any CPU = Debug|Any CPU
		Release|Any CPU = Release|Any CPU
	EndGlobalSection
	GlobalSection(ProjectConfigurationPlatforms) = postSolution
		{6E258E50-E121-8129-5652-787AE89BB5D5}.Debug|Any CPU.ActiveCfg = Debug|Any CPU
		{6E258E50-E121-8129-5652-787AE89BB5D5}.Debug|Any CPU.Build.0 = Debug|Any CPU
		{6E258E50-E121-8129-5652-787AE89BB5D5}.Release|Any CPU.ActiveCfg = Release|Any CPU
		{6E258E50-E121-8129-5652-787AE89BB5D5}.Release|Any CPU.Build.0 = Release|Any CPU
		{020427B5-6C34-AF4E-E8FB-16CB42F4A03A}.Debug|Any CPU.ActiveCfg = Debug|Any CPU
		{020427B5-6C34-AF4E-E8FB-16CB42F4A03A}.Debug|Any CPU.Build.0 = Debug|Any CPU
		{020427B5-6C34-AF4E-E8FB-16CB42F4A03A}.Release|Any CPU.ActiveCfg = Release|Any CPU
		{020427B5-6C34-AF4E-E8FB-16CB42F4A03A}.Release|Any CPU.Build.0 = Release|Any CPU
		{C2A9F080-0445-7C11-C20A-DF39D71CFED5}.Debug|Any CPU.ActiveCfg = Debug|Any CPU
		{C2A9F080-0445-7C11-C20A-DF39D71CFED5}.Debug|Any CPU.Build.0 = Debug|Any CPU
		{C2A9F080-0445-7C11-C20A-DF39D71CFED5}.Release|Any CPU.ActiveCfg = Release|Any CPU
		{C2A9F080-0445-7C11-C20A-DF39D71CFED5}.Release|Any CPU.Build.0 = Release|Any CPU
		{51F0D4F9-8AC7-326F-DF25-E5FC53C1FC80}.Debug|Any CPU.ActiveCfg = Debug|Any CPU
		{51F0D4F9-8AC7-326F-DF25-E5FC53C1FC80}.Debug|Any CPU.Build.0 = Debug|Any CPU
		{51F0D4F9-8AC7-326F-DF25-E5FC53C1FC80}.Release|Any CPU.ActiveCfg = Release|Any CPU
		{51F0D4F9-8AC7-326F-DF25-E5FC53C1FC80}.Release|Any CPU.Build.0 = Release|Any CPU
	EndGlobalSection
	GlobalSection(SolutionProperties) = preSolution
		HideSolutionNode = FALSE
	EndGlobalSection
EndGlobal
